
Microsoft Visual Studio Solution File, Format Version 12.00
# Visual Studio Version 17
VisualStudioVersion = 17.4.33205.214
MinimumVisualStudioVersion = 10.0.40219.1
Project("{FAE04EC0-301F-11D3-BF4B-00C04F79EFBC}") = "Banking Application", "Banking Application\Banking Application.csproj", "{03383730-797C-4907-9F6A-CCEC3B3EEE76}"
EndProject
Global
	GlobalSection(SolutionConfigurationPlatforms) = preSolution
		Debug|Any CPU = Debug|Any CPU
		Release|Any CPU = Release|Any CPU
	EndGlobalSection
	GlobalSection(ProjectConfigurationPlatforms) = postSolution
		{03383730-797C-4907-9F6A-CCEC3B3EEE76}.Debug|Any CPU.ActiveCfg = Debug|Any CPU
		{03383730-797C-4907-9F6A-CCEC3B3EEE76}.Debug|Any CPU.Build.0 = Debug|Any CPU
		{03383730-797C-4907-9F6A-CCEC3B3EEE76}.Release|Any CPU.ActiveCfg = Release|Any CPU
		{03383730-797C-4907-9F6A-CCEC3B3EEE76}.Release|Any CPU.Build.0 = Release|Any CPU
	EndGlobalSection
	GlobalSection(SolutionProperties) = preSolution
		HideSolutionNode = FALSE
	EndGlobalSection
	GlobalSection(ExtensibilityGlobals) = postSolution
		SolutionGuid = {7FE71CAE-2925-4EE5-999A-CD0B87D12C81}
	EndGlobalSection
EndGlobal
